// !$*UTF8*$!
{
	archiveVersion = 1;
	classes = {
	};
	objectVersion = 56;
	objects = {

/* Begin PBXBuildFile section */
		AB8060362A4AE33C00BD4D39 /* A_24_Animated_CarouselApp.swift in Sources */ = {isa = PBXBuildFile; fileRef = AB8060352A4AE33C00BD4D39 /* A_24_Animated_CarouselApp.swift */; };
		AB8060382A4AE33C00BD4D39 /* ContentView.swift in Sources */ = {isa = PBXBuildFile; fileRef = AB8060372A4AE33C00BD4D39 /* ContentView.swift */; };
		AB80603A2A4AE33D00BD4D39 /* Assets.xcassets in Resources */ = {isa = PBXBuildFile; fileRef = AB8060392A4AE33D00BD4D39 /* Assets.xcassets */; };
		AB80603D2A4AE33D00BD4D39 /* Preview Assets.xcassets in Resources */ = {isa = PBXBuildFile; fileRef = AB80603C2A4AE33D00BD4D39 /* Preview Assets.xcassets */; };
		AB8060442A4AE5FD00BD4D39 /* Models.swift in Sources */ = {isa = PBXBuildFile; fileRef = AB8060432A4AE5FD00BD4D39 /* Models.swift */; };
		AB8060462A4AF20E00BD4D39 /* CustomCarousel.swift in Sources */ = {isa = PBXBuildFile; fileRef = AB8060452A4AF20E00BD4D39 /* CustomCarousel.swift */; };
/* End PBXBuildFile section */

/* Begin PBXFileReference section */
		AB8060322A4AE33C00BD4D39 /* A_24_Animated Carousel.app */ = {isa = PBXFileReference; explicitFileType = wrapper.application; includeInIndex = 0; path = "A_24_Animated Carousel.app"; sourceTree = BUILT_PRODUCTS_DIR; };
		AB8060352A4AE33C00BD4D39 /* A_24_Animated_CarouselApp.swift */ = {isa = PBXFileReference; lastKnownFileType = sourcecode.swift; path = A_24_Animated_CarouselApp.swift; sourceTree = "<group>"; };
		AB8060372A4AE33C00BD4D39 /* ContentView.swift */ = {isa = PBXFileReference; lastKnownFileType = sourcecode.swift; path = ContentView.swift; sourceTree = "<group>"; };
		AB8060392A4AE33D00BD4D39 /* Assets.xcassets */ = {isa = PBXFileReference; lastKnownFileType = folder.assetcatalog; path = Assets.xcassets; sourceTree = "<group>"; };
		AB80603C2A4AE33D00BD4D39 /* Preview Assets.xcassets */ = {isa = PBXFileReference; lastKnownFileType = folder.assetcatalog; path = "Preview Assets.xcassets"; sourceTree = "<group>"; };
		AB8060432A4AE5FD00BD4D39 /* Models.swift */ = {isa = PBXFileReference; lastKnownFileType = sourcecode.swift; path = Models.swift; sourceTree = "<group>"; };
		AB8060452A4AF20E00BD4D39 /* CustomCarousel.swift */ = {isa = PBXFileReference; lastKnownFileType = sourcecode.swift; path = CustomCarousel.swift; sourceTree = "<group>"; };
/* End PBXFileReference section */

/* Begin PBXFrameworksBuildPhase section */
		AB80602F2A4AE33C00BD4D39 /* Frameworks */ = {
			isa = PBXFrameworksBuildPhase;
			buildActionMask = 2147483647;
			files = (
			);
			runOnlyForDeploymentPostprocessing = 0;
		};
/* End PBXFrameworksBuildPhase section */

/* Begin PBXGroup section */
		AB8060292A4AE33C00BD4D39 = {
			isa = PBXGroup;
			children = (
				AB8060342A4AE33C00BD4D39 /* A_24_Animated Carousel */,
				AB8060332A4AE33C00BD4D39 /* Products */,
			);
			sourceTree = "<group>";
		};
		AB8060332A4AE33C00BD4D39 /* Products */ = {
			isa = PBXGroup;
			children = (
				AB8060322A4AE33C00BD4D39 /* A_24_Animated Carousel.app */,
			);
			name = Products;
			sourceTree = "<group>";
		};
		AB8060342A4AE33C00BD4D39 /* A_24_Animated Carousel */ = {
			isa = PBXGroup;
			children = (
				AB8060352A4AE33C00BD4D39 /* A_24_Animated_CarouselApp.swift */,
				AB8060372A4AE33C00BD4D39 /* ContentView.swift */,
				AB8060452A4AF20E00BD4D39 /* CustomCarousel.swift */,
				AB8060432A4AE5FD00BD4D39 /* Models.swift */,
				AB8060392A4AE33D00BD4D39 /* Assets.xcassets */,
				AB80603B2A4AE33D00BD4D39 /* Preview Content */,
			);
			path = "A_24_Animated Carousel";
			sourceTree = "<group>";
		};
		AB80603B2A4AE33D00BD4D39 /* Preview Content */ = {
			isa = PBXGroup;
			children = (
				AB80603C2A4AE33D00BD4D39 /* Preview Assets.xcassets */,
			);
			path = "Preview Content";
			sourceTree = "<group>";
		};
/* End PBXGroup section */

/* Begin PBXNativeTarget section */
		AB8060312A4AE33C00BD4D39 /* A_24_Animated Carousel */ = {
			isa = PBXNativeTarget;
			buildConfigurationList = AB8060402A4AE33D00BD4D39 /* Build configuration list for PBXNativeTarget "A_24_Animated Carousel" */;
			buildPhases = (
				AB80602E2A4AE33C00BD4D39 /* Sources */,
				AB80602F2A4AE33C00BD4D39 /* Frameworks */,
				AB8060302A4AE33C00BD4D39 /* Resources */,
			);
			buildRules = (
			);
			dependencies = (
			);
			name = "A_24_Animated Carousel";
			productName = "A_24_Animated Carousel";
			productReference = AB8060322A4AE33C00BD4D39 /* A_24_Animated Carousel.app */;
			productType = "com.apple.product-type.application";
		};
/* End PBXNativeTarget section */

/* Begin PBXProject section */
		AB80602A2A4AE33C00BD4D39 /* Project object */ = {
			isa = PBXProject;
			attributes = {
				BuildIndependentTargetsInParallel = 1;
				LastSwiftUpdateCheck = 1430;
				LastUpgradeCheck = 1430;
				TargetAttributes = {
					AB8060312A4AE33C00BD4D39 = {
						CreatedOnToolsVersion = 14.3.1;
					};
				};
			};
			buildConfigurationList = AB80602D2A4AE33C00BD4D39 /* Build configuration list for PBXProject "A_24_Animated Carousel" */;
			compatibilityVersion = "Xcode 14.0";
			developmentRegion = en;
			hasScannedForEncodings = 0;
			knownRegions = (
				en,
				Base,
			);
			mainGroup = AB8060292A4AE33C00BD4D39;
			productRefGroup = AB8060332A4AE33C00BD4D39 /* Products */;
			projectDirPath = "";
			projectRoot = "";
			targets = (
				AB8060312A4AE33C00BD4D39 /* A_24_Animated Carousel */,
			);
		};
/* End PBXProject section */

/* Begin PBXResourcesBuildPhase section */
		AB8060302A4AE33C00BD4D39 /* Resources */ = {
			isa = PBXResourcesBuildPhase;
			buildActionMask = 2147483647;
			files = (
				AB80603D2A4AE33D00BD4D39 /* Preview Assets.xcassets in Resources */,
				AB80603A2A4AE33D00BD4D39 /* Assets.xcassets in Resources */,
			);
			runOnlyForDeploymentPostprocessing = 0;
		};
/* End PBXResourcesBuildPhase section */

/* Begin PBXSourcesBuildPhase section */
		AB80602E2A4AE33C00BD4D39 /* Sources */ = {
			isa = PBXSourcesBuildPhase;
			buildActionMask = 2147483647;
			files = (
				AB8060462A4AF20E00BD4D39 /* CustomCarousel.swift in Sources */,
				AB8060442A4AE5FD00BD4D39 /* Models.swift in Sources */,
				AB8060382A4AE33C00BD4D39 /* ContentView.swift in Sources */,
				AB8060362A4AE33C00BD4D39 /* A_24_Animated_CarouselApp.swift in Sources */,
			);
			runOnlyForDeploymentPostprocessing = 0;
		};
/* End PBXSourcesBuildPhase section */

/* Begin XCBuildConfiguration section */
		AB80603E2A4AE33D00BD4D39 /* Debug */ = {
			isa = XCBuildConfiguration;
			buildSettings = {
				ALWAYS_SEARCH_USER_PATHS = NO;
				CLANG_ANALYZER_NONNULL = YES;
				CLANG_ANALYZER_NUMBER_OBJECT_CONVERSION = YES_AGGRESSIVE;
				CLANG_CXX_LANGUAGE_STANDARD = "gnu++20";
				CLANG_ENABLE_MODULES = YES;
				CLANG_ENABLE_OBJC_ARC = YES;
				CLANG_ENABLE_OBJC_WEAK = YES;
				CLANG_WARN_BLOCK_CAPTURE_AUTORELEASING = YES;
				CLANG_WARN_BOOL_CONVERSION = YES;
				CLANG_WARN_COMMA = YES;
				CLANG_WARN_CONSTANT_CONVERSION = YES;
				CLANG_WARN_DEPRECATED_OBJC_IMPLEMENTATIONS = YES;
				CLANG_WARN_DIRECT_OBJC_ISA_USAGE = YES_ERROR;
				CLANG_WARN_DOCUMENTATION_COMMENTS = YES;
				CLANG_WARN_EMPTY_BODY = YES;
				CLANG_WARN_ENUM_CONVERSION = YES;
				CLANG_WARN_INFINITE_RECURSION = YES;
				CLANG_WARN_INT_CONVERSION = YES;
				CLANG_WARN_NON_LITERAL_NULL_CONVERSION = YES;
				CLANG_WARN_OBJC_IMPLICIT_RETAIN_SELF = YES;
				CLANG_WARN_OBJC_LITERAL_CONVERSION = YES;
				CLANG_WARN_OBJC_ROOT_CLASS = YES_ERROR;
				CLANG_WARN_QUOTED_INCLUDE_IN_FRAMEWORK_HEADER = YES;
				CLANG_WARN_RANGE_LOOP_ANALYSIS = YES;
				CLANG_WARN_STRICT_PROTOTYPES = YES;
				CLANG_WARN_SUSPICIOUS_MOVE = YES;
				CLANG_WARN_UNGUARDED_AVAILABILITY = YES_AGGRESSIVE;
				CLANG_WARN_UNREACHABLE_CODE = YES;
				CLANG_WARN__DUPLICATE_METHOD_MATCH = YES;
				COPY_PHASE_STRIP = NO;
				DEBUG_INFORMATION_FORMAT = dwarf;
				ENABLE_STRICT_OBJC_MSGSEND = YES;
				ENABLE_TESTABILITY = YES;
				GCC_C_LANGUAGE_STANDARD = gnu11;
				GCC_DYNAMIC_NO_PIC = NO;
				GCC_NO_COMMON_BLOCKS = YES;
				GCC_OPTIMIZATION_LEVEL = 0;
				GCC_PREPROCESSOR_DEFINITIONS = (
					"DEBUG=1",
					"$(inherited)",
				);
				GCC_WARN_64_TO_32_BIT_CONVERSION = YES;
				GCC_WARN_ABOUT_RETURN_TYPE = YES_ERROR;
				GCC_WARN_UNDECLARED_SELECTOR = YES;
				GCC_WARN_UNINITIALIZED_AUTOS = YES_AGGRESSIVE;
				GCC_WARN_UNUSED_FUNCTION = YES;
				GCC_WARN_UNUSED_VARIABLE = YES;
				IPHONEOS_DEPLOYMENT_TARGET = 16.4;
				MTL_ENABLE_DEBUG_INFO = INCLUDE_SOURCE;
				MTL_FAST_MATH = YES;
				ONLY_ACTIVE_ARCH = YES;
				SDKROOT = iphoneos;
				SWIFT_ACTIVE_COMPILATION_CONDITIONS = DEBUG;
				SWIFT_OPTIMIZATION_LEVEL = "-Onone";
			};
			name = Debug;
		};
		AB80603F2A4AE33D00BD4D39 /* Release */ = {
			isa = XCBuildConfiguration;
			buildSettings = {
				ALWAYS_SEARCH_USER_PATHS = NO;
				CLANG_ANALYZER_NONNULL = YES;
				CLANG_ANALYZER_NUMBER_OBJECT_CONVERSION = YES_AGGRESSIVE;
				CLANG_CXX_LANGUAGE_STANDARD = "gnu++20";
				CLANG_ENABLE_MODULES = YES;
				CLANG_ENABLE_OBJC_ARC = YES;
				CLANG_ENABLE_OBJC_WEAK = YES;
				CLANG_WARN_BLOCK_CAPTURE_AUTORELEASING = YES;
				CLANG_WARN_BOOL_CONVERSION = YES;
				CLANG_WARN_COMMA = YES;
				CLANG_WARN_CONSTANT_CONVERSION = YES;
				CLANG_WARN_DEPRECATED_OBJC_IMPLEMENTATIONS = YES;
				CLANG_WARN_DIRECT_OBJC_ISA_USAGE = YES_ERROR;
				CLANG_WARN_DOCUMENTATION_COMMENTS = YES;
				CLANG_WARN_EMPTY_BODY = YES;
				CLANG_WARN_ENUM_CONVERSION = YES;
				CLANG_WARN_INFINITE_RECURSION = YES;
				CLANG_WARN_INT_CONVERSION = YES;
				CLANG_WARN_NON_LITERAL_NULL_CONVERSION = YES;
				CLANG_WARN_OBJC_IMPLICIT_RETAIN_SELF = YES;
				CLANG_WARN_OBJC_LITERAL_CONVERSION = YES;
				CLANG_WARN_OBJC_ROOT_CLASS = YES_ERROR;
				CLANG_WARN_QUOTED_INCLUDE_IN_FRAMEWORK_HEADER = YES;
				CLANG_WARN_RANGE_LOOP_ANALYSIS = YES;
				CLANG_WARN_STRICT_PROTOTYPES = YES;
				CLANG_WARN_SUSPICIOUS_MOVE = YES;
				CLANG_WARN_UNGUARDED_AVAILABILITY = YES_AGGRESSIVE;
				CLANG_WARN_UNREACHABLE_CODE = YES;
				CLANG_WARN__DUPLICATE_METHOD_MATCH = YES;
				COPY_PHASE_STRIP = NO;
				DEBUG_INFORMATION_FORMAT = "dwarf-with-dsym";
				ENABLE_NS_ASSERTIONS = NO;
				ENABLE_STRICT_OBJC_MSGSEND = YES;
				GCC_C_LANGUAGE_STANDARD = gnu11;
				GCC_NO_COMMON_BLOCKS = YES;
				GCC_WARN_64_TO_32_BIT_CONVERSION = YES;
				GCC_WARN_ABOUT_RETURN_TYPE = YES_ERROR;
				GCC_WARN_UNDECLARED_SELECTOR = YES;
				GCC_WARN_UNINITIALIZED_AUTOS = YES_AGGRESSIVE;
				GCC_WARN_UNUSED_FUNCTION = YES;
				GCC_WARN_UNUSED_VARIABLE = YES;
				IPHONEOS_DEPLOYMENT_TARGET = 16.4;
				MTL_ENABLE_DEBUG_INFO = NO;
				MTL_FAST_MATH = YES;
				SDKROOT = iphoneos;
				SWIFT_COMPILATION_MODE = wholemodule;
				SWIFT_OPTIMIZATION_LEVEL = "-O";
				VALIDATE_PRODUCT = YES;
			};
			name = Release;
		};
		AB8060412A4AE33D00BD4D39 /* Debug */ = {
			isa = XCBuildConfiguration;
			buildSettings = {
				ASSETCATALOG_COMPILER_APPICON_NAME = AppIcon;
				ASSETCATALOG_COMPILER_GLOBAL_ACCENT_COLOR_NAME = AccentColor;
				CODE_SIGN_STYLE = Automatic;
				CURRENT_PROJECT_VERSION = 1;
				DEVELOPMENT_ASSET_PATHS = "\"A_24_Animated Carousel/Preview Content\"";
				DEVELOPMENT_TEAM = 8PVXGGTSPW;
				ENABLE_PREVIEWS = YES;
				GENERATE_INFOPLIST_FILE = YES;
				INFOPLIST_KEY_UIApplicationSceneManifest_Generation = YES;
				INFOPLIST_KEY_UIApplicationSupportsIndirectInputEvents = YES;
				INFOPLIST_KEY_UILaunchScreen_Generation = YES;
				INFOPLIST_KEY_UISupportedInterfaceOrientations_iPad = "UIInterfaceOrientationPortrait UIInterfaceOrientationPortraitUpsideDown UIInterfaceOrientationLandscapeLeft UIInterfaceOrientationLandscapeRight";
				INFOPLIST_KEY_UISupportedInterfaceOrientations_iPhone = "UIInterfaceOrientationPortrait UIInterfaceOrientationLandscapeLeft UIInterfaceOrientationLandscapeRight";
				LD_RUNPATH_SEARCH_PATHS = (
					"$(inherited)",
					"@executable_path/Frameworks",
				);
				MARKETING_VERSION = 1.0;
				PRODUCT_BUNDLE_IDENTIFIER = "com.yonglekeji.A-24-Animated-Carousel";
				PRODUCT_NAME = "$(TARGET_NAME)";
				SWIFT_EMIT_LOC_STRINGS = YES;
				SWIFT_VERSION = 5.0;
				TARGETED_DEVICE_FAMILY = "1,2";
			};
			name = Debug;
		};
		AB8060422A4AE33D00BD4D39 /* Release */ = {
			isa = XCBuildConfiguration;
			buildSettings = {
				ASSETCATALOG_COMPILER_APPICON_NAME = AppIcon;
				ASSETCATALOG_COMPILER_GLOBAL_ACCENT_COLOR_NAME = AccentColor;
				CODE_SIGN_STYLE = Automatic;
				CURRENT_PROJECT_VERSION = 1;
				DEVELOPMENT_ASSET_PATHS = "\"A_24_Animated Carousel/Preview Content\"";
				DEVELOPMENT_TEAM = 8PVXGGTSPW;
				ENABLE_PREVIEWS = YES;
				GENERATE_INFOPLIST_FILE = YES;
				INFOPLIST_KEY_UIApplicationSceneManifest_Generation = YES;
				INFOPLIST_KEY_UIApplicationSupportsIndirectInputEvents = YES;
				INFOPLIST_KEY_UILaunchScreen_Generation = YES;
				INFOPLIST_KEY_UISupportedInterfaceOrientations_iPad = "UIInterfaceOrientationPortrait UIInterfaceOrientationPortraitUpsideDown UIInterfaceOrientationLandscapeLeft UIInterfaceOrientationLandscapeRight";
				INFOPLIST_KEY_UISupportedInterfaceOrientations_iPhone = "UIInterfaceOrientationPortrait UIInterfaceOrientationLandscapeLeft UIInterfaceOrientationLandscapeRight";
				LD_RUNPATH_SEARCH_PATHS = (
					"$(inherited)",
					"@executable_path/Frameworks",
				);
				MARKETING_VERSION = 1.0;
				PRODUCT_BUNDLE_IDENTIFIER = "com.yonglekeji.A-24-Animated-Carousel";
				PRODUCT_NAME = "$(TARGET_NAME)";
				SWIFT_EMIT_LOC_STRINGS = YES;
				SWIFT_VERSION = 5.0;
				TARGETED_DEVICE_FAMILY = "1,2";
			};
			name = Release;
		};
/* End XCBuildConfiguration section */

/* Begin XCConfigurationList section */
		AB80602D2A4AE33C00BD4D39 /* Build configuration list for PBXProject "A_24_Animated Carousel" */ = {
			isa = XCConfigurationList;
			buildConfigurations = (
				AB80603E2A4AE33D00BD4D39 /* Debug */,
				AB80603F2A4AE33D00BD4D39 /* Release */,
			);
			defaultConfigurationIsVisible = 0;
			defaultConfigurationName = Release;
		};
		AB8060402A4AE33D00BD4D39 /* Build configuration list for PBXNativeTarget "A_24_Animated Carousel" */ = {
			isa = XCConfigurationList;
			buildConfigurations = (
				AB8060412A4AE33D00BD4D39 /* Debug */,
				AB8060422A4AE33D00BD4D39 /* Release */,
			);
			defaultConfigurationIsVisible = 0;
			defaultConfigurationName = Release;
		};
/* End XCConfigurationList section */
	};
	rootObject = AB80602A2A4AE33C00BD4D39 /* Project object */;
}
