// !$*UTF8*$!
{
	archiveVersion = 1;
	classes = {
	};
	objectVersion = 56;
	objects = {

/* Begin PBXBuildFile section */
		AB00932D2A57C09F00E77506 /* A_17_App_Walkthrough_Intro_AnimationsApp.swift in Sources */ = {isa = PBXBuildFile; fileRef = AB00932C2A57C09F00E77506 /* A_17_App_Walkthrough_Intro_AnimationsApp.swift */; };
		AB00932F2A57C09F00E77506 /* ContentView.swift in Sources */ = {isa = PBXBuildFile; fileRef = AB00932E2A57C09F00E77506 /* ContentView.swift */; };
		AB0093312A57C0A000E77506 /* Assets.xcassets in Resources */ = {isa = PBXBuildFile; fileRef = AB0093302A57C0A000E77506 /* Assets.xcassets */; };
		AB0093342A57C0A000E77506 /* Preview Assets.xcassets in Resources */ = {isa = PBXBuildFile; fileRef = AB0093332A57C0A000E77506 /* Preview Assets.xcassets */; };
		AB0093462A57C10600E77506 /* ExpenseViewModel.swift in Sources */ = {isa = PBXBuildFile; fileRef = AB00933F2A57C10600E77506 /* ExpenseViewModel.swift */; };
		AB0093472A57C10600E77506 /* Expense.swift in Sources */ = {isa = PBXBuildFile; fileRef = AB0093412A57C10600E77506 /* Expense.swift */; };
		AB0093482A57C10600E77506 /* TransactionsCardView.swift in Sources */ = {isa = PBXBuildFile; fileRef = AB0093432A57C10600E77506 /* TransactionsCardView.swift */; };
		AB0093492A57C10600E77506 /* Home.swift in Sources */ = {isa = PBXBuildFile; fileRef = AB0093452A57C10600E77506 /* Home.swift */; };
/* End PBXBuildFile section */

/* Begin PBXFileReference section */
		AB0093292A57C09F00E77506 /* A_17_App Walkthrough Intro Animations.app */ = {isa = PBXFileReference; explicitFileType = wrapper.application; includeInIndex = 0; path = "A_17_App Walkthrough Intro Animations.app"; sourceTree = BUILT_PRODUCTS_DIR; };
		AB00932C2A57C09F00E77506 /* A_17_App_Walkthrough_Intro_AnimationsApp.swift */ = {isa = PBXFileReference; lastKnownFileType = sourcecode.swift; path = A_17_App_Walkthrough_Intro_AnimationsApp.swift; sourceTree = "<group>"; };
		AB00932E2A57C09F00E77506 /* ContentView.swift */ = {isa = PBXFileReference; lastKnownFileType = sourcecode.swift; path = ContentView.swift; sourceTree = "<group>"; };
		AB0093302A57C0A000E77506 /* Assets.xcassets */ = {isa = PBXFileReference; lastKnownFileType = folder.assetcatalog; path = Assets.xcassets; sourceTree = "<group>"; };
		AB0093332A57C0A000E77506 /* Preview Assets.xcassets */ = {isa = PBXFileReference; lastKnownFileType = folder.assetcatalog; path = "Preview Assets.xcassets"; sourceTree = "<group>"; };
		AB00933F2A57C10600E77506 /* ExpenseViewModel.swift */ = {isa = PBXFileReference; fileEncoding = 4; lastKnownFileType = sourcecode.swift; path = ExpenseViewModel.swift; sourceTree = "<group>"; };
		AB0093412A57C10600E77506 /* Expense.swift */ = {isa = PBXFileReference; fileEncoding = 4; lastKnownFileType = sourcecode.swift; path = Expense.swift; sourceTree = "<group>"; };
		AB0093432A57C10600E77506 /* TransactionsCardView.swift */ = {isa = PBXFileReference; fileEncoding = 4; lastKnownFileType = sourcecode.swift; path = TransactionsCardView.swift; sourceTree = "<group>"; };
		AB0093452A57C10600E77506 /* Home.swift */ = {isa = PBXFileReference; fileEncoding = 4; lastKnownFileType = sourcecode.swift; path = Home.swift; sourceTree = "<group>"; };
/* End PBXFileReference section */

/* Begin PBXFrameworksBuildPhase section */
		AB0093262A57C09F00E77506 /* Frameworks */ = {
			isa = PBXFrameworksBuildPhase;
			buildActionMask = 2147483647;
			files = (
			);
			runOnlyForDeploymentPostprocessing = 0;
		};
/* End PBXFrameworksBuildPhase section */

/* Begin PBXGroup section */
		AB0093202A57C09F00E77506 = {
			isa = PBXGroup;
			children = (
				AB00932B2A57C09F00E77506 /* A_17_App Walkthrough Intro Animations */,
				AB00932A2A57C09F00E77506 /* Products */,
			);
			sourceTree = "<group>";
		};
		AB00932A2A57C09F00E77506 /* Products */ = {
			isa = PBXGroup;
			children = (
				AB0093292A57C09F00E77506 /* A_17_App Walkthrough Intro Animations.app */,
			);
			name = Products;
			sourceTree = "<group>";
		};
		AB00932B2A57C09F00E77506 /* A_17_App Walkthrough Intro Animations */ = {
			isa = PBXGroup;
			children = (
				AB0093422A57C10600E77506 /* components */,
				AB0093402A57C10600E77506 /* model */,
				AB0093442A57C10600E77506 /* view */,
				AB00933E2A57C10600E77506 /* viewmodel */,
				AB00932C2A57C09F00E77506 /* A_17_App_Walkthrough_Intro_AnimationsApp.swift */,
				AB00932E2A57C09F00E77506 /* ContentView.swift */,
				AB0093302A57C0A000E77506 /* Assets.xcassets */,
				AB0093322A57C0A000E77506 /* Preview Content */,
			);
			path = "A_17_App Walkthrough Intro Animations";
			sourceTree = "<group>";
		};
		AB0093322A57C0A000E77506 /* Preview Content */ = {
			isa = PBXGroup;
			children = (
				AB0093332A57C0A000E77506 /* Preview Assets.xcassets */,
			);
			path = "Preview Content";
			sourceTree = "<group>";
		};
		AB00933E2A57C10600E77506 /* viewmodel */ = {
			isa = PBXGroup;
			children = (
				AB00933F2A57C10600E77506 /* ExpenseViewModel.swift */,
			);
			path = viewmodel;
			sourceTree = "<group>";
		};
		AB0093402A57C10600E77506 /* model */ = {
			isa = PBXGroup;
			children = (
				AB0093412A57C10600E77506 /* Expense.swift */,
			);
			path = model;
			sourceTree = "<group>";
		};
		AB0093422A57C10600E77506 /* components */ = {
			isa = PBXGroup;
			children = (
				AB0093432A57C10600E77506 /* TransactionsCardView.swift */,
			);
			path = components;
			sourceTree = "<group>";
		};
		AB0093442A57C10600E77506 /* view */ = {
			isa = PBXGroup;
			children = (
				AB0093452A57C10600E77506 /* Home.swift */,
			);
			path = view;
			sourceTree = "<group>";
		};
/* End PBXGroup section */

/* Begin PBXNativeTarget section */
		AB0093282A57C09F00E77506 /* A_17_App Walkthrough Intro Animations */ = {
			isa = PBXNativeTarget;
			buildConfigurationList = AB0093372A57C0A000E77506 /* Build configuration list for PBXNativeTarget "A_17_App Walkthrough Intro Animations" */;
			buildPhases = (
				AB0093252A57C09F00E77506 /* Sources */,
				AB0093262A57C09F00E77506 /* Frameworks */,
				AB0093272A57C09F00E77506 /* Resources */,
			);
			buildRules = (
			);
			dependencies = (
			);
			name = "A_17_App Walkthrough Intro Animations";
			productName = "A_17_App Walkthrough Intro Animations";
			productReference = AB0093292A57C09F00E77506 /* A_17_App Walkthrough Intro Animations.app */;
			productType = "com.apple.product-type.application";
		};
/* End PBXNativeTarget section */

/* Begin PBXProject section */
		AB0093212A57C09F00E77506 /* Project object */ = {
			isa = PBXProject;
			attributes = {
				BuildIndependentTargetsInParallel = 1;
				LastSwiftUpdateCheck = 1430;
				LastUpgradeCheck = 1430;
				TargetAttributes = {
					AB0093282A57C09F00E77506 = {
						CreatedOnToolsVersion = 14.3.1;
					};
				};
			};
			buildConfigurationList = AB0093242A57C09F00E77506 /* Build configuration list for PBXProject "A_17_App Walkthrough Intro Animations" */;
			compatibilityVersion = "Xcode 14.0";
			developmentRegion = en;
			hasScannedForEncodings = 0;
			knownRegions = (
				en,
				Base,
			);
			mainGroup = AB0093202A57C09F00E77506;
			productRefGroup = AB00932A2A57C09F00E77506 /* Products */;
			projectDirPath = "";
			projectRoot = "";
			targets = (
				AB0093282A57C09F00E77506 /* A_17_App Walkthrough Intro Animations */,
			);
		};
/* End PBXProject section */

/* Begin PBXResourcesBuildPhase section */
		AB0093272A57C09F00E77506 /* Resources */ = {
			isa = PBXResourcesBuildPhase;
			buildActionMask = 2147483647;
			files = (
				AB0093342A57C0A000E77506 /* Preview Assets.xcassets in Resources */,
				AB0093312A57C0A000E77506 /* Assets.xcassets in Resources */,
			);
			runOnlyForDeploymentPostprocessing = 0;
		};
/* End PBXResourcesBuildPhase section */

/* Begin PBXSourcesBuildPhase section */
		AB0093252A57C09F00E77506 /* Sources */ = {
			isa = PBXSourcesBuildPhase;
			buildActionMask = 2147483647;
			files = (
				AB0093472A57C10600E77506 /* Expense.swift in Sources */,
				AB00932F2A57C09F00E77506 /* ContentView.swift in Sources */,
				AB0093462A57C10600E77506 /* ExpenseViewModel.swift in Sources */,
				AB0093482A57C10600E77506 /* TransactionsCardView.swift in Sources */,
				AB0093492A57C10600E77506 /* Home.swift in Sources */,
				AB00932D2A57C09F00E77506 /* A_17_App_Walkthrough_Intro_AnimationsApp.swift in Sources */,
			);
			runOnlyForDeploymentPostprocessing = 0;
		};
/* End PBXSourcesBuildPhase section */

/* Begin XCBuildConfiguration section */
		AB0093352A57C0A000E77506 /* Debug */ = {
			isa = XCBuildConfiguration;
			buildSettings = {
				ALWAYS_SEARCH_USER_PATHS = NO;
				CLANG_ANALYZER_NONNULL = YES;
				CLANG_ANALYZER_NUMBER_OBJECT_CONVERSION = YES_AGGRESSIVE;
				CLANG_CXX_LANGUAGE_STANDARD = "gnu++20";
				CLANG_ENABLE_MODULES = YES;
				CLANG_ENABLE_OBJC_ARC = YES;
				CLANG_ENABLE_OBJC_WEAK = YES;
				CLANG_WARN_BLOCK_CAPTURE_AUTORELEASING = YES;
				CLANG_WARN_BOOL_CONVERSION = YES;
				CLANG_WARN_COMMA = YES;
				CLANG_WARN_CONSTANT_CONVERSION = YES;
				CLANG_WARN_DEPRECATED_OBJC_IMPLEMENTATIONS = YES;
				CLANG_WARN_DIRECT_OBJC_ISA_USAGE = YES_ERROR;
				CLANG_WARN_DOCUMENTATION_COMMENTS = YES;
				CLANG_WARN_EMPTY_BODY = YES;
				CLANG_WARN_ENUM_CONVERSION = YES;
				CLANG_WARN_INFINITE_RECURSION = YES;
				CLANG_WARN_INT_CONVERSION = YES;
				CLANG_WARN_NON_LITERAL_NULL_CONVERSION = YES;
				CLANG_WARN_OBJC_IMPLICIT_RETAIN_SELF = YES;
				CLANG_WARN_OBJC_LITERAL_CONVERSION = YES;
				CLANG_WARN_OBJC_ROOT_CLASS = YES_ERROR;
				CLANG_WARN_QUOTED_INCLUDE_IN_FRAMEWORK_HEADER = YES;
				CLANG_WARN_RANGE_LOOP_ANALYSIS = YES;
				CLANG_WARN_STRICT_PROTOTYPES = YES;
				CLANG_WARN_SUSPICIOUS_MOVE = YES;
				CLANG_WARN_UNGUARDED_AVAILABILITY = YES_AGGRESSIVE;
				CLANG_WARN_UNREACHABLE_CODE = YES;
				CLANG_WARN__DUPLICATE_METHOD_MATCH = YES;
				COPY_PHASE_STRIP = NO;
				DEBUG_INFORMATION_FORMAT = dwarf;
				ENABLE_STRICT_OBJC_MSGSEND = YES;
				ENABLE_TESTABILITY = YES;
				GCC_C_LANGUAGE_STANDARD = gnu11;
				GCC_DYNAMIC_NO_PIC = NO;
				GCC_NO_COMMON_BLOCKS = YES;
				GCC_OPTIMIZATION_LEVEL = 0;
				GCC_PREPROCESSOR_DEFINITIONS = (
					"DEBUG=1",
					"$(inherited)",
				);
				GCC_WARN_64_TO_32_BIT_CONVERSION = YES;
				GCC_WARN_ABOUT_RETURN_TYPE = YES_ERROR;
				GCC_WARN_UNDECLARED_SELECTOR = YES;
				GCC_WARN_UNINITIALIZED_AUTOS = YES_AGGRESSIVE;
				GCC_WARN_UNUSED_FUNCTION = YES;
				GCC_WARN_UNUSED_VARIABLE = YES;
				IPHONEOS_DEPLOYMENT_TARGET = 16.4;
				MTL_ENABLE_DEBUG_INFO = INCLUDE_SOURCE;
				MTL_FAST_MATH = YES;
				ONLY_ACTIVE_ARCH = YES;
				SDKROOT = iphoneos;
				SWIFT_ACTIVE_COMPILATION_CONDITIONS = DEBUG;
				SWIFT_OPTIMIZATION_LEVEL = "-Onone";
			};
			name = Debug;
		};
		AB0093362A57C0A000E77506 /* Release */ = {
			isa = XCBuildConfiguration;
			buildSettings = {
				ALWAYS_SEARCH_USER_PATHS = NO;
				CLANG_ANALYZER_NONNULL = YES;
				CLANG_ANALYZER_NUMBER_OBJECT_CONVERSION = YES_AGGRESSIVE;
				CLANG_CXX_LANGUAGE_STANDARD = "gnu++20";
				CLANG_ENABLE_MODULES = YES;
				CLANG_ENABLE_OBJC_ARC = YES;
				CLANG_ENABLE_OBJC_WEAK = YES;
				CLANG_WARN_BLOCK_CAPTURE_AUTORELEASING = YES;
				CLANG_WARN_BOOL_CONVERSION = YES;
				CLANG_WARN_COMMA = YES;
				CLANG_WARN_CONSTANT_CONVERSION = YES;
				CLANG_WARN_DEPRECATED_OBJC_IMPLEMENTATIONS = YES;
				CLANG_WARN_DIRECT_OBJC_ISA_USAGE = YES_ERROR;
				CLANG_WARN_DOCUMENTATION_COMMENTS = YES;
				CLANG_WARN_EMPTY_BODY = YES;
				CLANG_WARN_ENUM_CONVERSION = YES;
				CLANG_WARN_INFINITE_RECURSION = YES;
				CLANG_WARN_INT_CONVERSION = YES;
				CLANG_WARN_NON_LITERAL_NULL_CONVERSION = YES;
				CLANG_WARN_OBJC_IMPLICIT_RETAIN_SELF = YES;
				CLANG_WARN_OBJC_LITERAL_CONVERSION = YES;
				CLANG_WARN_OBJC_ROOT_CLASS = YES_ERROR;
				CLANG_WARN_QUOTED_INCLUDE_IN_FRAMEWORK_HEADER = YES;
				CLANG_WARN_RANGE_LOOP_ANALYSIS = YES;
				CLANG_WARN_STRICT_PROTOTYPES = YES;
				CLANG_WARN_SUSPICIOUS_MOVE = YES;
				CLANG_WARN_UNGUARDED_AVAILABILITY = YES_AGGRESSIVE;
				CLANG_WARN_UNREACHABLE_CODE = YES;
				CLANG_WARN__DUPLICATE_METHOD_MATCH = YES;
				COPY_PHASE_STRIP = NO;
				DEBUG_INFORMATION_FORMAT = "dwarf-with-dsym";
				ENABLE_NS_ASSERTIONS = NO;
				ENABLE_STRICT_OBJC_MSGSEND = YES;
				GCC_C_LANGUAGE_STANDARD = gnu11;
				GCC_NO_COMMON_BLOCKS = YES;
				GCC_WARN_64_TO_32_BIT_CONVERSION = YES;
				GCC_WARN_ABOUT_RETURN_TYPE = YES_ERROR;
				GCC_WARN_UNDECLARED_SELECTOR = YES;
				GCC_WARN_UNINITIALIZED_AUTOS = YES_AGGRESSIVE;
				GCC_WARN_UNUSED_FUNCTION = YES;
				GCC_WARN_UNUSED_VARIABLE = YES;
				IPHONEOS_DEPLOYMENT_TARGET = 16.4;
				MTL_ENABLE_DEBUG_INFO = NO;
				MTL_FAST_MATH = YES;
				SDKROOT = iphoneos;
				SWIFT_COMPILATION_MODE = wholemodule;
				SWIFT_OPTIMIZATION_LEVEL = "-O";
				VALIDATE_PRODUCT = YES;
			};
			name = Release;
		};
		AB0093382A57C0A000E77506 /* Debug */ = {
			isa = XCBuildConfiguration;
			buildSettings = {
				ASSETCATALOG_COMPILER_APPICON_NAME = AppIcon;
				ASSETCATALOG_COMPILER_GLOBAL_ACCENT_COLOR_NAME = AccentColor;
				CODE_SIGN_STYLE = Automatic;
				CURRENT_PROJECT_VERSION = 1;
				DEVELOPMENT_ASSET_PATHS = "\"A_17_App Walkthrough Intro Animations/Preview Content\"";
				DEVELOPMENT_TEAM = 8PVXGGTSPW;
				ENABLE_PREVIEWS = YES;
				GENERATE_INFOPLIST_FILE = YES;
				INFOPLIST_KEY_UIApplicationSceneManifest_Generation = YES;
				INFOPLIST_KEY_UIApplicationSupportsIndirectInputEvents = YES;
				INFOPLIST_KEY_UILaunchScreen_Generation = YES;
				INFOPLIST_KEY_UISupportedInterfaceOrientations_iPad = "UIInterfaceOrientationPortrait UIInterfaceOrientationPortraitUpsideDown UIInterfaceOrientationLandscapeLeft UIInterfaceOrientationLandscapeRight";
				INFOPLIST_KEY_UISupportedInterfaceOrientations_iPhone = "UIInterfaceOrientationPortrait UIInterfaceOrientationLandscapeLeft UIInterfaceOrientationLandscapeRight";
				LD_RUNPATH_SEARCH_PATHS = (
					"$(inherited)",
					"@executable_path/Frameworks",
				);
				MARKETING_VERSION = 1.0;
				PRODUCT_BUNDLE_IDENTIFIER = "com.yonglekeji.A-17-App-Walkthrough-Intro-Animations";
				PRODUCT_NAME = "$(TARGET_NAME)";
				SWIFT_EMIT_LOC_STRINGS = YES;
				SWIFT_VERSION = 5.0;
				TARGETED_DEVICE_FAMILY = "1,2";
			};
			name = Debug;
		};
		AB0093392A57C0A000E77506 /* Release */ = {
			isa = XCBuildConfiguration;
			buildSettings = {
				ASSETCATALOG_COMPILER_APPICON_NAME = AppIcon;
				ASSETCATALOG_COMPILER_GLOBAL_ACCENT_COLOR_NAME = AccentColor;
				CODE_SIGN_STYLE = Automatic;
				CURRENT_PROJECT_VERSION = 1;
				DEVELOPMENT_ASSET_PATHS = "\"A_17_App Walkthrough Intro Animations/Preview Content\"";
				DEVELOPMENT_TEAM = 8PVXGGTSPW;
				ENABLE_PREVIEWS = YES;
				GENERATE_INFOPLIST_FILE = YES;
				INFOPLIST_KEY_UIApplicationSceneManifest_Generation = YES;
				INFOPLIST_KEY_UIApplicationSupportsIndirectInputEvents = YES;
				INFOPLIST_KEY_UILaunchScreen_Generation = YES;
				INFOPLIST_KEY_UISupportedInterfaceOrientations_iPad = "UIInterfaceOrientationPortrait UIInterfaceOrientationPortraitUpsideDown UIInterfaceOrientationLandscapeLeft UIInterfaceOrientationLandscapeRight";
				INFOPLIST_KEY_UISupportedInterfaceOrientations_iPhone = "UIInterfaceOrientationPortrait UIInterfaceOrientationLandscapeLeft UIInterfaceOrientationLandscapeRight";
				LD_RUNPATH_SEARCH_PATHS = (
					"$(inherited)",
					"@executable_path/Frameworks",
				);
				MARKETING_VERSION = 1.0;
				PRODUCT_BUNDLE_IDENTIFIER = "com.yonglekeji.A-17-App-Walkthrough-Intro-Animations";
				PRODUCT_NAME = "$(TARGET_NAME)";
				SWIFT_EMIT_LOC_STRINGS = YES;
				SWIFT_VERSION = 5.0;
				TARGETED_DEVICE_FAMILY = "1,2";
			};
			name = Release;
		};
/* End XCBuildConfiguration section */

/* Begin XCConfigurationList section */
		AB0093242A57C09F00E77506 /* Build configuration list for PBXProject "A_17_App Walkthrough Intro Animations" */ = {
			isa = XCConfigurationList;
			buildConfigurations = (
				AB0093352A57C0A000E77506 /* Debug */,
				AB0093362A57C0A000E77506 /* Release */,
			);
			defaultConfigurationIsVisible = 0;
			defaultConfigurationName = Release;
		};
		AB0093372A57C0A000E77506 /* Build configuration list for PBXNativeTarget "A_17_App Walkthrough Intro Animations" */ = {
			isa = XCConfigurationList;
			buildConfigurations = (
				AB0093382A57C0A000E77506 /* Debug */,
				AB0093392A57C0A000E77506 /* Release */,
			);
			defaultConfigurationIsVisible = 0;
			defaultConfigurationName = Release;
		};
/* End XCConfigurationList section */
	};
	rootObject = AB0093212A57C09F00E77506 /* Project object */;
}
